
Microsoft Visual Studio Solution File, Format Version 12.00
# Visual Studio Version 16
VisualStudioVersion = 16.0.31702.278
MinimumVisualStudioVersion = 10.0.40219.1
Project("{9A19103F-16F7-4668-BE54-9A1E7A4F7556}") = "AspPix", "AspPix\AspPix.csproj", "{426F6543-CFAB-48CB-AB80-19DA86CF8AF9}"
EndProject
Global
	GlobalSection(SolutionConfigurationPlatforms) = preSolution
		Debug|Any CPU = Debug|Any CPU
		Release|Any CPU = Release|Any CPU
	EndGlobalSection
	GlobalSection(ProjectConfigurationPlatforms) = postSolution
		{426F6543-CFAB-48CB-AB80-19DA86CF8AF9}.Debug|Any CPU.ActiveCfg = Debug|Any CPU
		{426F6543-CFAB-48CB-AB80-19DA86CF8AF9}.Debug|Any CPU.Build.0 = Debug|Any CPU
		{426F6543-CFAB-48CB-AB80-19DA86CF8AF9}.Release|Any CPU.ActiveCfg = Release|Any CPU
		{426F6543-CFAB-48CB-AB80-19DA86CF8AF9}.Release|Any CPU.Build.0 = Release|Any CPU
	EndGlobalSection
	GlobalSection(SolutionProperties) = preSolution
		HideSolutionNode = FALSE
	EndGlobalSection
	GlobalSection(ExtensibilityGlobals) = postSolution
		SolutionGuid = {EC1F4E11-2B5D-4CE1-A428-470740BD98A1}
	EndGlobalSection
EndGlobal
